{
  "name": "pattern-collector-anyjs-pull-lines-import",
  "version": "1.9.4",
  "lockfileVersion": 3,
  "requires": true,
  "packages": {
    "": {
      "name": "pattern-collector-anyjs-pull-lines-import",
      "version": "1.9.4",
      "dependencies": {
        "pattern-collector-anyjs-extract": "^1.5.1"
      }
    },
    "node_modules/pattern-collector": {
      "version": "1.5.19",
      "resolved": "https://registry.npmjs.org/pattern-collector/-/pattern-collector-1.5.19.tgz",
      "integrity": "sha512-FmnO3e6UThoKPLMzhas1MUNXjq/g4b/35ndQdsdGJSpWDpkAF7FLhkvcCACLPe41LUdteSinYmeDucrNgD+tgQ=="
    },
    "node_modules/pattern-collector-anyjs-extract": {
      "version": "1.5.1",
      "resolved": "https://registry.npmjs.org/pattern-collector-anyjs-extract/-/pattern-collector-anyjs-extract-1.5.1.tgz",
      "integrity": "sha512-QKRqqrbZHE1/znTAhZguRGgZvCX3M2ybXj0ytsxLNtdA0HpYZGiLegAsQG852FfeOmfNrffb3kN0kOzrzR8iyg==",
      "dependencies": {
        "pattern-collector-anyjs-matches": "^1.3.8",
        "pattern-collector-base-regex-n-parts": "^1.6.4"
      }
    },
    "node_modules/pattern-collector-anyjs-matches": {
      "version": "1.3.8",
      "resolved": "https://registry.npmjs.org/pattern-collector-anyjs-matches/-/pattern-collector-anyjs-matches-1.3.8.tgz",
      "integrity": "sha512-Ucon6aCJKLMRMuEGCQ56ttXeo2gk80lZhrMB0wNEAzfO9KXeVKLP+NirnfzfVVxIMfldDze2/Vxo/NT3zKAmJQ==",
      "dependencies": {
        "pattern-collector": "^1.5.19"
      }
    },
    "node_modules/pattern-collector-base-regex-n-parts": {
      "version": "1.6.4",
      "resolved": "https://registry.npmjs.org/pattern-collector-base-regex-n-parts/-/pattern-collector-base-regex-n-parts-1.6.4.tgz",
      "integrity": "sha512-z8vEztE/rhLm0qagYRUs8qn94/q4PIW6dV2Tz3mNIhQgzXvRcSa+dXwurBerKeAlgVnEwIyKfwPcqJ+0TnBR+w=="
    }
  }
}
